PODS:
  - AFNetworking (3.1.0):
    - AFNetworking/NSURLSession (= 3.1.0)
    - AFNetworking/Reachability (= 3.1.0)
    - AFNetworking/Security (= 3.1.0)
    - AFNetworking/Serialization (= 3.1.0)
    - AFNetworking/UIKit (= 3.1.0)
  - AFNetworking/NSURLSession (3.1.0):
    - AFNetworking/Reachability
    - AFNetworking/Security
    - AFNetworking/Serialization
  - AFNetworking/Reachability (3.1.0)
  - AFNetworking/Security (3.1.0)
  - AFNetworking/Serialization (3.1.0)
  - AFNetworking/UIKit (3.1.0):
    - AFNetworking/NSURLSession
  - AGLNetManager (0.0.3):
    - AFNetworking (~> 3.1.0)

DEPENDENCIES:
  - AGLNetManager (from `https://github.com/AngryLi/NetManager.git`, tag `0.0.3`)

EXTERNAL SOURCES:
  AGLNetManager:
    :git: https://github.com/AngryLi/NetManager.git
    :tag: 0.0.3

CHECKOUT OPTIONS:
  AGLNetManager:
    :git: https://github.com/AngryLi/NetManager.git
    :tag: 0.0.3

SPEC CHECKSUMS:
  AFNetworking: 5e0e199f73d8626b11e79750991f5d173d1f8b67
  AGLNetManager: abad56cf206e00e1c1243ee9f43665445489b3e2

PODFILE CHECKSUM: aaab41f56c3f6274d5d3863b313b24c78a9d0dc1

COCOAPODS: 1.2.1
